{
  "name": "hyper-cycle",
  "version": "1.0.0",
  "lockfileVersion": 1,
  "requires": true,
  "dependencies": {
    "randomcolor": {
      "version": "0.6.2",
      "resolved": "https://registry.npmjs.org/randomcolor/-/randomcolor-0.6.2.tgz",
      "integrity": "sha512-Mn6TbyYpFgwFuQ8KJKqf3bqqY9O1y37/0jgSK/61PUxV4QfIMv0+K2ioq8DfOjkBslcjwSzRfIDEXfzA9aCx7A=="
    },
    "simple-color-functions": {
      "version": "0.5.1",
      "resolved": "https://registry.npmjs.org/simple-color-functions/-/simple-color-functions-0.5.1.tgz",
      "integrity": "sha512-t67Ltd6zk977Z3XcYlkS7FhRqFfdXynqeIb6UBx3ieTDPtsTdgtVIE0u+P5Ht2gyX1ChNL91bmrgmchAp1ViJg=="
    }
  }
}
